# This file is automatically @generated by Cargo.
# It is not intended for manual editing.
version = 4

[[package]]
name = "buddy-alloc"
version = "0.4.2"
source = "registry+https://github.com/rust-lang/crates.io-index"
checksum = "3240a4cb09cf0da6a51641bd40ce90e96ea6065e3a1adc46434029254bcc2d09"

[[package]]
name = "cart"
version = "0.1.0"
dependencies = [
 "buddy-alloc",
 "lazy_static",
 "rustc-hash",
]

[[package]]
name = "lazy_static"
version = "1.5.0"
source = "registry+https://github.com/rust-lang/crates.io-index"
checksum = "bbd2bcb4c963f2ddae06a2efc7e9f3591312473c50c6685e1f298068316e66fe"

[[package]]
name = "rustc-hash"
version = "2.1.1"
source = "registry+https://github.com/rust-lang/crates.io-index"
checksum = "357703d41365b4b27c590e3ed91eabb1b663f07c4c084095e60cbed4362dff0d"
